
Microsoft Visual Studio Solution File, Format Version 12.00
# Visual Studio Version 17
VisualStudioVersion = 17.8.34525.116
MinimumVisualStudioVersion = 10.0.40219.1
Project("{9A19103F-16F7-4668-BE54-9A1E7A4F7556}") = "Calculator", "Calculator.csproj", "{6DD4B5B8-310D-4064-8909-C10F5C5BED3A}"
EndProject
Project("{9A19103F-16F7-4668-BE54-9A1E7A4F7556}") = "CalculatorLibrary", "..\ClassLibrary\CalculatorLibrary.csproj", "{0A860DE0-6285-4516-A0DE-4373363EB66B}"
EndProject
Project("{FAE04EC0-301F-11D3-BF4B-00C04F79EFBC}") = "CalculatorLibrary.Tests", "..\Calculator.Tests\CalculatorLibrary.Tests.csproj", "{CDFD43D5-C329-4000-BB97-CD73A050475F}"
EndProject
Global
	GlobalSection(SolutionConfigurationPlatforms) = preSolution
		Debug|Any CPU = Debug|Any CPU
		Release|Any CPU = Release|Any CPU
	EndGlobalSection
	GlobalSection(ProjectConfigurationPlatforms) = postSolution
		{6DD4B5B8-310D-4064-8909-C10F5C5BED3A}.Debug|Any CPU.ActiveCfg = Debug|Any CPU
		{6DD4B5B8-310D-4064-8909-C10F5C5BED3A}.Debug|Any CPU.Build.0 = Debug|Any CPU
		{6DD4B5B8-310D-4064-8909-C10F5C5BED3A}.Release|Any CPU.ActiveCfg = Release|Any CPU
		{6DD4B5B8-310D-4064-8909-C10F5C5BED3A}.Release|Any CPU.Build.0 = Release|Any CPU
		{0A860DE0-6285-4516-A0DE-4373363EB66B}.Debug|Any CPU.ActiveCfg = Debug|Any CPU
		{0A860DE0-6285-4516-A0DE-4373363EB66B}.Debug|Any CPU.Build.0 = Debug|Any CPU
		{0A860DE0-6285-4516-A0DE-4373363EB66B}.Release|Any CPU.ActiveCfg = Release|Any CPU
		{0A860DE0-6285-4516-A0DE-4373363EB66B}.Release|Any CPU.Build.0 = Release|Any CPU
		{CDFD43D5-C329-4000-BB97-CD73A050475F}.Debug|Any CPU.ActiveCfg = Debug|Any CPU
		{CDFD43D5-C329-4000-BB97-CD73A050475F}.Debug|Any CPU.Build.0 = Debug|Any CPU
		{CDFD43D5-C329-4000-BB97-CD73A050475F}.Release|Any CPU.ActiveCfg = Release|Any CPU
		{CDFD43D5-C329-4000-BB97-CD73A050475F}.Release|Any CPU.Build.0 = Release|Any CPU
	EndGlobalSection
	GlobalSection(SolutionProperties) = preSolution
		HideSolutionNode = FALSE
	EndGlobalSection
	GlobalSection(ExtensibilityGlobals) = postSolution
		SolutionGuid = {E54561CA-FB11-491B-A9E4-D1AFCFFEAE4D}
	EndGlobalSection
EndGlobal
